// !$*UTF8*$!
{
	archiveVersion = 1;
	classes = {
	};
	objectVersion = 56;
	objects = {

/* Begin PBXBuildFile section */
		08654A4128D23B7F008315C7 /* AppDelegate.swift in Sources */ = {isa = PBXBuildFile; fileRef = 08654A4028D23B7F008315C7 /* AppDelegate.swift */; };
		08654A4328D23B7F008315C7 /* SceneDelegate.swift in Sources */ = {isa = PBXBuildFile; fileRef = 08654A4228D23B7F008315C7 /* SceneDelegate.swift */; };
		08654A4528D23B7F008315C7 /* ViewController.swift in Sources */ = {isa = PBXBuildFile; fileRef = 08654A4428D23B7F008315C7 /* ViewController.swift */; };
		08654A4A28D23B80008315C7 /* Assets.xcassets in Resources */ = {isa = PBXBuildFile; fileRef = 08654A4928D23B80008315C7 /* Assets.xcassets */; };
		08654A4D28D23B80008315C7 /* LaunchScreen.storyboard in Resources */ = {isa = PBXBuildFile; fileRef = 08654A4B28D23B80008315C7 /* LaunchScreen.storyboard */; };
		08654A5828D23B80008315C7 /* iOSAppWithoutStoryboardTemplateTests.swift in Sources */ = {isa = PBXBuildFile; fileRef = 08654A5728D23B80008315C7 /* iOSAppWithoutStoryboardTemplateTests.swift */; };
		08654A6228D23B80008315C7 /* iOSAppWithoutStoryboardTemplateUITests.swift in Sources */ = {isa = PBXBuildFile; fileRef = 08654A6128D23B80008315C7 /* iOSAppWithoutStoryboardTemplateUITests.swift */; };
		08654A6428D23B80008315C7 /* iOSAppWithoutStoryboardTemplateUITestsLaunchTests.swift in Sources */ = {isa = PBXBuildFile; fileRef = 08654A6328D23B80008315C7 /* iOSAppWithoutStoryboardTemplateUITestsLaunchTests.swift */; };
/* End PBXBuildFile section */

/* Begin PBXContainerItemProxy section */
		08654A5428D23B80008315C7 /* PBXContainerItemProxy */ = {
			isa = PBXContainerItemProxy;
			containerPortal = 08654A3528D23B7F008315C7 /* Project object */;
			proxyType = 1;
			remoteGlobalIDString = 08654A3C28D23B7F008315C7;
			remoteInfo = iOSAppWithoutStoryboardTemplate;
		};
		08654A5E28D23B80008315C7 /* PBXContainerItemProxy */ = {
			isa = PBXContainerItemProxy;
			containerPortal = 08654A3528D23B7F008315C7 /* Project object */;
			proxyType = 1;
			remoteGlobalIDString = 08654A3C28D23B7F008315C7;
			remoteInfo = iOSAppWithoutStoryboardTemplate;
		};
/* End PBXContainerItemProxy section */

/* Begin PBXFileReference section */
		08654A3D28D23B7F008315C7 /* iOSAppWithoutStoryboardTemplate.app */ = {isa = PBXFileReference; explicitFileType = wrapper.application; includeInIndex = 0; path = iOSAppWithoutStoryboardTemplate.app; sourceTree = BUILT_PRODUCTS_DIR; };
		08654A4028D23B7F008315C7 /* AppDelegate.swift */ = {isa = PBXFileReference; lastKnownFileType = sourcecode.swift; path = AppDelegate.swift; sourceTree = "<group>"; };
		08654A4228D23B7F008315C7 /* SceneDelegate.swift */ = {isa = PBXFileReference; lastKnownFileType = sourcecode.swift; path = SceneDelegate.swift; sourceTree = "<group>"; };
		08654A4428D23B7F008315C7 /* ViewController.swift */ = {isa = PBXFileReference; lastKnownFileType = sourcecode.swift; path = ViewController.swift; sourceTree = "<group>"; };
		08654A4928D23B80008315C7 /* Assets.xcassets */ = {isa = PBXFileReference; lastKnownFileType = folder.assetcatalog; path = Assets.xcassets; sourceTree = "<group>"; };
		08654A4C28D23B80008315C7 /* Base */ = {isa = PBXFileReference; lastKnownFileType = file.storyboard; name = Base; path = Base.lproj/LaunchScreen.storyboard; sourceTree = "<group>"; };
		08654A4E28D23B80008315C7 /* Info.plist */ = {isa = PBXFileReference; lastKnownFileType = text.plist.xml; path = Info.plist; sourceTree = "<group>"; };
		08654A5328D23B80008315C7 /* iOSAppWithoutStoryboardTemplateTests.xctest */ = {isa = PBXFileReference; explicitFileType = wrapper.cfbundle; includeInIndex = 0; path = iOSAppWithoutStoryboardTemplateTests.xctest; sourceTree = BUILT_PRODUCTS_DIR; };
		08654A5728D23B80008315C7 /* iOSAppWithoutStoryboardTemplateTests.swift */ = {isa = PBXFileReference; lastKnownFileType = sourcecode.swift; path = iOSAppWithoutStoryboardTemplateTests.swift; sourceTree = "<group>"; };
		08654A5D28D23B80008315C7 /* iOSAppWithoutStoryboardTemplateUITests.xctest */ = {isa = PBXFileReference; explicitFileType = wrapper.cfbundle; includeInIndex = 0; path = iOSAppWithoutStoryboardTemplateUITests.xctest; sourceTree = BUILT_PRODUCTS_DIR; };
		08654A6128D23B80008315C7 /* iOSAppWithoutStoryboardTemplateUITests.swift */ = {isa = PBXFileReference; lastKnownFileType = sourcecode.swift; path = iOSAppWithoutStoryboardTemplateUITests.swift; sourceTree = "<group>"; };
		08654A6328D23B80008315C7 /* iOSAppWithoutStoryboardTemplateUITestsLaunchTests.swift */ = {isa = PBXFileReference; lastKnownFileType = sourcecode.swift; path = iOSAppWithoutStoryboardTemplateUITestsLaunchTests.swift; sourceTree = "<group>"; };
/* End PBXFileReference section */

/* Begin PBXFrameworksBuildPhase section */
		08654A3A28D23B7F008315C7 /* Frameworks */ = {
			isa = PBXFrameworksBuildPhase;
			buildActionMask = 2147483647;
			files = (
			);
			runOnlyForDeploymentPostprocessing = 0;
		};
		08654A5028D23B80008315C7 /* Frameworks */ = {
			isa = PBXFrameworksBuildPhase;
			buildActionMask = 2147483647;
			files = (
			);
			runOnlyForDeploymentPostprocessing = 0;
		};
		08654A5A28D23B80008315C7 /* Frameworks */ = {
			isa = PBXFrameworksBuildPhase;
			buildActionMask = 2147483647;
			files = (
			);
			runOnlyForDeploymentPostprocessing = 0;
		};
/* End PBXFrameworksBuildPhase section */

/* Begin PBXGroup section */
		08654A3428D23B7F008315C7 = {
			isa = PBXGroup;
			children = (
				08654A3F28D23B7F008315C7 /* iOSAppWithoutStoryboardTemplate */,
				08654A5628D23B80008315C7 /* iOSAppWithoutStoryboardTemplateTests */,
				08654A6028D23B80008315C7 /* iOSAppWithoutStoryboardTemplateUITests */,
				08654A3E28D23B7F008315C7 /* Products */,
			);
			sourceTree = "<group>";
		};
		08654A3E28D23B7F008315C7 /* Products */ = {
			isa = PBXGroup;
			children = (
				08654A3D28D23B7F008315C7 /* iOSAppWithoutStoryboardTemplate.app */,
				08654A5328D23B80008315C7 /* iOSAppWithoutStoryboardTemplateTests.xctest */,
				08654A5D28D23B80008315C7 /* iOSAppWithoutStoryboardTemplateUITests.xctest */,
			);
			name = Products;
			sourceTree = "<group>";
		};
		08654A3F28D23B7F008315C7 /* iOSAppWithoutStoryboardTemplate */ = {
			isa = PBXGroup;
			children = (
				08654A4028D23B7F008315C7 /* AppDelegate.swift */,
				08654A4228D23B7F008315C7 /* SceneDelegate.swift */,
				08654A4428D23B7F008315C7 /* ViewController.swift */,
				08654A4928D23B80008315C7 /* Assets.xcassets */,
				08654A4B28D23B80008315C7 /* LaunchScreen.storyboard */,
				08654A4E28D23B80008315C7 /* Info.plist */,
			);
			path = iOSAppWithoutStoryboardTemplate;
			sourceTree = "<group>";
		};
		08654A5628D23B80008315C7 /* iOSAppWithoutStoryboardTemplateTests */ = {
			isa = PBXGroup;
			children = (
				08654A5728D23B80008315C7 /* iOSAppWithoutStoryboardTemplateTests.swift */,
			);
			path = iOSAppWithoutStoryboardTemplateTests;
			sourceTree = "<group>";
		};
		08654A6028D23B80008315C7 /* iOSAppWithoutStoryboardTemplateUITests */ = {
			isa = PBXGroup;
			children = (
				08654A6128D23B80008315C7 /* iOSAppWithoutStoryboardTemplateUITests.swift */,
				08654A6328D23B80008315C7 /* iOSAppWithoutStoryboardTemplateUITestsLaunchTests.swift */,
			);
			path = iOSAppWithoutStoryboardTemplateUITests;
			sourceTree = "<group>";
		};
/* End PBXGroup section */

/* Begin PBXNativeTarget section */
		08654A3C28D23B7F008315C7 /* iOSAppWithoutStoryboardTemplate */ = {
			isa = PBXNativeTarget;
			buildConfigurationList = 08654A6728D23B80008315C7 /* Build configuration list for PBXNativeTarget "iOSAppWithoutStoryboardTemplate" */;
			buildPhases = (
				08654A3928D23B7F008315C7 /* Sources */,
				08654A3A28D23B7F008315C7 /* Frameworks */,
				08654A3B28D23B7F008315C7 /* Resources */,
			);
			buildRules = (
			);
			dependencies = (
			);
			name = iOSAppWithoutStoryboardTemplate;
			productName = iOSAppWithoutStoryboardTemplate;
			productReference = 08654A3D28D23B7F008315C7 /* iOSAppWithoutStoryboardTemplate.app */;
			productType = "com.apple.product-type.application";
		};
		08654A5228D23B80008315C7 /* iOSAppWithoutStoryboardTemplateTests */ = {
			isa = PBXNativeTarget;
			buildConfigurationList = 08654A6A28D23B80008315C7 /* Build configuration list for PBXNativeTarget "iOSAppWithoutStoryboardTemplateTests" */;
			buildPhases = (
				08654A4F28D23B80008315C7 /* Sources */,
				08654A5028D23B80008315C7 /* Frameworks */,
				08654A5128D23B80008315C7 /* Resources */,
			);
			buildRules = (
			);
			dependencies = (
				08654A5528D23B80008315C7 /* PBXTargetDependency */,
			);
			name = iOSAppWithoutStoryboardTemplateTests;
			productName = iOSAppWithoutStoryboardTemplateTests;
			productReference = 08654A5328D23B80008315C7 /* iOSAppWithoutStoryboardTemplateTests.xctest */;
			productType = "com.apple.product-type.bundle.unit-test";
		};
		08654A5C28D23B80008315C7 /* iOSAppWithoutStoryboardTemplateUITests */ = {
			isa = PBXNativeTarget;
			buildConfigurationList = 08654A6D28D23B80008315C7 /* Build configuration list for PBXNativeTarget "iOSAppWithoutStoryboardTemplateUITests" */;
			buildPhases = (
				08654A5928D23B80008315C7 /* Sources */,
				08654A5A28D23B80008315C7 /* Frameworks */,
				08654A5B28D23B80008315C7 /* Resources */,
			);
			buildRules = (
			);
			dependencies = (
				08654A5F28D23B80008315C7 /* PBXTargetDependency */,
			);
			name = iOSAppWithoutStoryboardTemplateUITests;
			productName = iOSAppWithoutStoryboardTemplateUITests;
			productReference = 08654A5D28D23B80008315C7 /* iOSAppWithoutStoryboardTemplateUITests.xctest */;
			productType = "com.apple.product-type.bundle.ui-testing";
		};
/* End PBXNativeTarget section */

/* Begin PBXProject section */
		08654A3528D23B7F008315C7 /* Project object */ = {
			isa = PBXProject;
			attributes = {
				BuildIndependentTargetsInParallel = 1;
				LastSwiftUpdateCheck = 1400;
				LastUpgradeCheck = 1400;
				TargetAttributes = {
					08654A3C28D23B7F008315C7 = {
						CreatedOnToolsVersion = 14.0;
					};
					08654A5228D23B80008315C7 = {
						CreatedOnToolsVersion = 14.0;
						TestTargetID = 08654A3C28D23B7F008315C7;
					};
					08654A5C28D23B80008315C7 = {
						CreatedOnToolsVersion = 14.0;
						TestTargetID = 08654A3C28D23B7F008315C7;
					};
				};
			};
			buildConfigurationList = 08654A3828D23B7F008315C7 /* Build configuration list for PBXProject "iOSAppWithoutStoryboardTemplate" */;
			compatibilityVersion = "Xcode 14.0";
			developmentRegion = en;
			hasScannedForEncodings = 0;
			knownRegions = (
				en,
				Base,
			);
			mainGroup = 08654A3428D23B7F008315C7;
			productRefGroup = 08654A3E28D23B7F008315C7 /* Products */;
			projectDirPath = "";
			projectRoot = "";
			targets = (
				08654A3C28D23B7F008315C7 /* iOSAppWithoutStoryboardTemplate */,
				08654A5228D23B80008315C7 /* iOSAppWithoutStoryboardTemplateTests */,
				08654A5C28D23B80008315C7 /* iOSAppWithoutStoryboardTemplateUITests */,
			);
		};
/* End PBXProject section */

/* Begin PBXResourcesBuildPhase section */
		08654A3B28D23B7F008315C7 /* Resources */ = {
			isa = PBXResourcesBuildPhase;
			buildActionMask = 2147483647;
			files = (
				08654A4D28D23B80008315C7 /* LaunchScreen.storyboard in Resources */,
				08654A4A28D23B80008315C7 /* Assets.xcassets in Resources */,
			);
			runOnlyForDeploymentPostprocessing = 0;
		};
		08654A5128D23B80008315C7 /* Resources */ = {
			isa = PBXResourcesBuildPhase;
			buildActionMask = 2147483647;
			files = (
			);
			runOnlyForDeploymentPostprocessing = 0;
		};
		08654A5B28D23B80008315C7 /* Resources */ = {
			isa = PBXResourcesBuildPhase;
			buildActionMask = 2147483647;
			files = (
			);
			runOnlyForDeploymentPostprocessing = 0;
		};
/* End PBXResourcesBuildPhase section */

/* Begin PBXSourcesBuildPhase section */
		08654A3928D23B7F008315C7 /* Sources */ = {
			isa = PBXSourcesBuildPhase;
			buildActionMask = 2147483647;
			files = (
				08654A4528D23B7F008315C7 /* ViewController.swift in Sources */,
				08654A4128D23B7F008315C7 /* AppDelegate.swift in Sources */,
				08654A4328D23B7F008315C7 /* SceneDelegate.swift in Sources */,
			);
			runOnlyForDeploymentPostprocessing = 0;
		};
		08654A4F28D23B80008315C7 /* Sources */ = {
			isa = PBXSourcesBuildPhase;
			buildActionMask = 2147483647;
			files = (
				08654A5828D23B80008315C7 /* iOSAppWithoutStoryboardTemplateTests.swift in Sources */,
			);
			runOnlyForDeploymentPostprocessing = 0;
		};
		08654A5928D23B80008315C7 /* Sources */ = {
			isa = PBXSourcesBuildPhase;
			buildActionMask = 2147483647;
			files = (
				08654A6428D23B80008315C7 /* iOSAppWithoutStoryboardTemplateUITestsLaunchTests.swift in Sources */,
				08654A6228D23B80008315C7 /* iOSAppWithoutStoryboardTemplateUITests.swift in Sources */,
			);
			runOnlyForDeploymentPostprocessing = 0;
		};
/* End PBXSourcesBuildPhase section */

/* Begin PBXTargetDependency section */
		08654A5528D23B80008315C7 /* PBXTargetDependency */ = {
			isa = PBXTargetDependency;
			target = 08654A3C28D23B7F008315C7 /* iOSAppWithoutStoryboardTemplate */;
			targetProxy = 08654A5428D23B80008315C7 /* PBXContainerItemProxy */;
		};
		08654A5F28D23B80008315C7 /* PBXTargetDependency */ = {
			isa = PBXTargetDependency;
			target = 08654A3C28D23B7F008315C7 /* iOSAppWithoutStoryboardTemplate */;
			targetProxy = 08654A5E28D23B80008315C7 /* PBXContainerItemProxy */;
		};
/* End PBXTargetDependency section */

/* Begin PBXVariantGroup section */
		08654A4B28D23B80008315C7 /* LaunchScreen.storyboard */ = {
			isa = PBXVariantGroup;
			children = (
				08654A4C28D23B80008315C7 /* Base */,
			);
			name = LaunchScreen.storyboard;
			sourceTree = "<group>";
		};
/* End PBXVariantGroup section */

/* Begin XCBuildConfiguration section */
		08654A6528D23B80008315C7 /* Debug */ = {
			isa = XCBuildConfiguration;
			buildSettings = {
				ALWAYS_SEARCH_USER_PATHS = NO;
				CLANG_ANALYZER_NONNULL = YES;
				CLANG_ANALYZER_NUMBER_OBJECT_CONVERSION = YES_AGGRESSIVE;
				CLANG_CXX_LANGUAGE_STANDARD = "gnu++20";
				CLANG_ENABLE_MODULES = YES;
				CLANG_ENABLE_OBJC_ARC = YES;
				CLANG_ENABLE_OBJC_WEAK = YES;
				CLANG_WARN_BLOCK_CAPTURE_AUTORELEASING = YES;
				CLANG_WARN_BOOL_CONVERSION = YES;
				CLANG_WARN_COMMA = YES;
				CLANG_WARN_CONSTANT_CONVERSION = YES;
				CLANG_WARN_DEPRECATED_OBJC_IMPLEMENTATIONS = YES;
				CLANG_WARN_DIRECT_OBJC_ISA_USAGE = YES_ERROR;
				CLANG_WARN_DOCUMENTATION_COMMENTS = YES;
				CLANG_WARN_EMPTY_BODY = YES;
				CLANG_WARN_ENUM_CONVERSION = YES;
				CLANG_WARN_INFINITE_RECURSION = YES;
				CLANG_WARN_INT_CONVERSION = YES;
				CLANG_WARN_NON_LITERAL_NULL_CONVERSION = YES;
				CLANG_WARN_OBJC_IMPLICIT_RETAIN_SELF = YES;
				CLANG_WARN_OBJC_LITERAL_CONVERSION = YES;
				CLANG_WARN_OBJC_ROOT_CLASS = YES_ERROR;
				CLANG_WARN_QUOTED_INCLUDE_IN_FRAMEWORK_HEADER = YES;
				CLANG_WARN_RANGE_LOOP_ANALYSIS = YES;
				CLANG_WARN_STRICT_PROTOTYPES = YES;
				CLANG_WARN_SUSPICIOUS_MOVE = YES;
				CLANG_WARN_UNGUARDED_AVAILABILITY = YES_AGGRESSIVE;
				CLANG_WARN_UNREACHABLE_CODE = YES;
				CLANG_WARN__DUPLICATE_METHOD_MATCH = YES;
				COPY_PHASE_STRIP = NO;
				DEBUG_INFORMATION_FORMAT = dwarf;
				ENABLE_STRICT_OBJC_MSGSEND = YES;
				ENABLE_TESTABILITY = YES;
				GCC_C_LANGUAGE_STANDARD = gnu11;
				GCC_DYNAMIC_NO_PIC = NO;
				GCC_NO_COMMON_BLOCKS = YES;
				GCC_OPTIMIZATION_LEVEL = 0;
				GCC_PREPROCESSOR_DEFINITIONS = (
					"DEBUG=1",
					"$(inherited)",
				);
				GCC_WARN_64_TO_32_BIT_CONVERSION = YES;
				GCC_WARN_ABOUT_RETURN_TYPE = YES_ERROR;
				GCC_WARN_UNDECLARED_SELECTOR = YES;
				GCC_WARN_UNINITIALIZED_AUTOS = YES_AGGRESSIVE;
				GCC_WARN_UNUSED_FUNCTION = YES;
				GCC_WARN_UNUSED_VARIABLE = YES;
				IPHONEOS_DEPLOYMENT_TARGET = 16.0;
				MTL_ENABLE_DEBUG_INFO = INCLUDE_SOURCE;
				MTL_FAST_MATH = YES;
				ONLY_ACTIVE_ARCH = YES;
				SDKROOT = iphoneos;
				SWIFT_ACTIVE_COMPILATION_CONDITIONS = DEBUG;
				SWIFT_OPTIMIZATION_LEVEL = "-Onone";
			};
			name = Debug;
		};
		08654A6628D23B80008315C7 /* Release */ = {
			isa = XCBuildConfiguration;
			buildSettings = {
				ALWAYS_SEARCH_USER_PATHS = NO;
				CLANG_ANALYZER_NONNULL = YES;
				CLANG_ANALYZER_NUMBER_OBJECT_CONVERSION = YES_AGGRESSIVE;
				CLANG_CXX_LANGUAGE_STANDARD = "gnu++20";
				CLANG_ENABLE_MODULES = YES;
				CLANG_ENABLE_OBJC_ARC = YES;
				CLANG_ENABLE_OBJC_WEAK = YES;
				CLANG_WARN_BLOCK_CAPTURE_AUTORELEASING = YES;
				CLANG_WARN_BOOL_CONVERSION = YES;
				CLANG_WARN_COMMA = YES;
				CLANG_WARN_CONSTANT_CONVERSION = YES;
				CLANG_WARN_DEPRECATED_OBJC_IMPLEMENTATIONS = YES;
				CLANG_WARN_DIRECT_OBJC_ISA_USAGE = YES_ERROR;
				CLANG_WARN_DOCUMENTATION_COMMENTS = YES;
				CLANG_WARN_EMPTY_BODY = YES;
				CLANG_WARN_ENUM_CONVERSION = YES;
				CLANG_WARN_INFINITE_RECURSION = YES;
				CLANG_WARN_INT_CONVERSION = YES;
				CLANG_WARN_NON_LITERAL_NULL_CONVERSION = YES;
				CLANG_WARN_OBJC_IMPLICIT_RETAIN_SELF = YES;
				CLANG_WARN_OBJC_LITERAL_CONVERSION = YES;
				CLANG_WARN_OBJC_ROOT_CLASS = YES_ERROR;
				CLANG_WARN_QUOTED_INCLUDE_IN_FRAMEWORK_HEADER = YES;
				CLANG_WARN_RANGE_LOOP_ANALYSIS = YES;
				CLANG_WARN_STRICT_PROTOTYPES = YES;
				CLANG_WARN_SUSPICIOUS_MOVE = YES;
				CLANG_WARN_UNGUARDED_AVAILABILITY = YES_AGGRESSIVE;
				CLANG_WARN_UNREACHABLE_CODE = YES;
				CLANG_WARN__DUPLICATE_METHOD_MATCH = YES;
				COPY_PHASE_STRIP = NO;
				DEBUG_INFORMATION_FORMAT = "dwarf-with-dsym";
				ENABLE_NS_ASSERTIONS = NO;
				ENABLE_STRICT_OBJC_MSGSEND = YES;
				GCC_C_LANGUAGE_STANDARD = gnu11;
				GCC_NO_COMMON_BLOCKS = YES;
				GCC_WARN_64_TO_32_BIT_CONVERSION = YES;
				GCC_WARN_ABOUT_RETURN_TYPE = YES_ERROR;
				GCC_WARN_UNDECLARED_SELECTOR = YES;
				GCC_WARN_UNINITIALIZED_AUTOS = YES_AGGRESSIVE;
				GCC_WARN_UNUSED_FUNCTION = YES;
				GCC_WARN_UNUSED_VARIABLE = YES;
				IPHONEOS_DEPLOYMENT_TARGET = 16.0;
				MTL_ENABLE_DEBUG_INFO = NO;
				MTL_FAST_MATH = YES;
				SDKROOT = iphoneos;
				SWIFT_COMPILATION_MODE = wholemodule;
				SWIFT_OPTIMIZATION_LEVEL = "-O";
				VALIDATE_PRODUCT = YES;
			};
			name = Release;
		};
		08654A6828D23B80008315C7 /* Debug */ = {
			isa = XCBuildConfiguration;
			buildSettings = {
				ASSETCATALOG_COMPILER_APPICON_NAME = AppIcon;
				ASSETCATALOG_COMPILER_GLOBAL_ACCENT_COLOR_NAME = AccentColor;
				CODE_SIGN_STYLE = Automatic;
				CURRENT_PROJECT_VERSION = 1;
				DEVELOPMENT_TEAM = 9SAQ42S589;
				GENERATE_INFOPLIST_FILE = YES;
				INFOPLIST_FILE = iOSAppWithoutStoryboardTemplate/Info.plist;
				INFOPLIST_KEY_UIApplicationSupportsIndirectInputEvents = YES;
				INFOPLIST_KEY_UILaunchStoryboardName = LaunchScreen;
				INFOPLIST_KEY_UISupportedInterfaceOrientations_iPad = "UIInterfaceOrientationPortrait UIInterfaceOrientationPortraitUpsideDown UIInterfaceOrientationLandscapeLeft UIInterfaceOrientationLandscapeRight";
				INFOPLIST_KEY_UISupportedInterfaceOrientations_iPhone = "UIInterfaceOrientationPortrait UIInterfaceOrientationLandscapeLeft UIInterfaceOrientationLandscapeRight";
				LD_RUNPATH_SEARCH_PATHS = (
					"$(inherited)",
					"@executable_path/Frameworks",
				);
				MARKETING_VERSION = 1.0;
				PRODUCT_BUNDLE_IDENTIFIER = com.viv.iOSAppWithoutStoryboardTemplate;
				PRODUCT_NAME = "$(TARGET_NAME)";
				SWIFT_EMIT_LOC_STRINGS = YES;
				SWIFT_VERSION = 5.0;
				TARGETED_DEVICE_FAMILY = "1,2";
			};
			name = Debug;
		};
		08654A6928D23B80008315C7 /* Release */ = {
			isa = XCBuildConfiguration;
			buildSettings = {
				ASSETCATALOG_COMPILER_APPICON_NAME = AppIcon;
				ASSETCATALOG_COMPILER_GLOBAL_ACCENT_COLOR_NAME = AccentColor;
				CODE_SIGN_STYLE = Automatic;
				CURRENT_PROJECT_VERSION = 1;
				DEVELOPMENT_TEAM = 9SAQ42S589;
				GENERATE_INFOPLIST_FILE = YES;
				INFOPLIST_FILE = iOSAppWithoutStoryboardTemplate/Info.plist;
				INFOPLIST_KEY_UIApplicationSupportsIndirectInputEvents = YES;
				INFOPLIST_KEY_UILaunchStoryboardName = LaunchScreen;
				INFOPLIST_KEY_UISupportedInterfaceOrientations_iPad = "UIInterfaceOrientationPortrait UIInterfaceOrientationPortraitUpsideDown UIInterfaceOrientationLandscapeLeft UIInterfaceOrientationLandscapeRight";
				INFOPLIST_KEY_UISupportedInterfaceOrientations_iPhone = "UIInterfaceOrientationPortrait UIInterfaceOrientationLandscapeLeft UIInterfaceOrientationLandscapeRight";
				LD_RUNPATH_SEARCH_PATHS = (
					"$(inherited)",
					"@executable_path/Frameworks",
				);
				MARKETING_VERSION = 1.0;
				PRODUCT_BUNDLE_IDENTIFIER = com.viv.iOSAppWithoutStoryboardTemplate;
				PRODUCT_NAME = "$(TARGET_NAME)";
				SWIFT_EMIT_LOC_STRINGS = YES;
				SWIFT_VERSION = 5.0;
				TARGETED_DEVICE_FAMILY = "1,2";
			};
			name = Release;
		};
		08654A6B28D23B80008315C7 /* Debug */ = {
			isa = XCBuildConfiguration;
			buildSettings = {
				ALWAYS_EMBED_SWIFT_STANDARD_LIBRARIES = YES;
				BUNDLE_LOADER = "$(TEST_HOST)";
				CODE_SIGN_STYLE = Automatic;
				CURRENT_PROJECT_VERSION = 1;
				DEVELOPMENT_TEAM = 9SAQ42S589;
				GENERATE_INFOPLIST_FILE = YES;
				IPHONEOS_DEPLOYMENT_TARGET = 16.0;
				MARKETING_VERSION = 1.0;
				PRODUCT_BUNDLE_IDENTIFIER = com.viv.iOSAppWithoutStoryboardTemplateTests;
				PRODUCT_NAME = "$(TARGET_NAME)";
				SWIFT_EMIT_LOC_STRINGS = NO;
				SWIFT_VERSION = 5.0;
				TARGETED_DEVICE_FAMILY = "1,2";
				TEST_HOST = "$(BUILT_PRODUCTS_DIR)/iOSAppWithoutStoryboardTemplate.app/$(BUNDLE_EXECUTABLE_FOLDER_PATH)/iOSAppWithoutStoryboardTemplate";
			};
			name = Debug;
		};
		08654A6C28D23B80008315C7 /* Release */ = {
			isa = XCBuildConfiguration;
			buildSettings = {
				ALWAYS_EMBED_SWIFT_STANDARD_LIBRARIES = YES;
				BUNDLE_LOADER = "$(TEST_HOST)";
				CODE_SIGN_STYLE = Automatic;
				CURRENT_PROJECT_VERSION = 1;
				DEVELOPMENT_TEAM = 9SAQ42S589;
				GENERATE_INFOPLIST_FILE = YES;
				IPHONEOS_DEPLOYMENT_TARGET = 16.0;
				MARKETING_VERSION = 1.0;
				PRODUCT_BUNDLE_IDENTIFIER = com.viv.iOSAppWithoutStoryboardTemplateTests;
				PRODUCT_NAME = "$(TARGET_NAME)";
				SWIFT_EMIT_LOC_STRINGS = NO;
				SWIFT_VERSION = 5.0;
				TARGETED_DEVICE_FAMILY = "1,2";
				TEST_HOST = "$(BUILT_PRODUCTS_DIR)/iOSAppWithoutStoryboardTemplate.app/$(BUNDLE_EXECUTABLE_FOLDER_PATH)/iOSAppWithoutStoryboardTemplate";
			};
			name = Release;
		};
		08654A6E28D23B80008315C7 /* Debug */ = {
			isa = XCBuildConfiguration;
			buildSettings = {
				ALWAYS_EMBED_SWIFT_STANDARD_LIBRARIES = YES;
				CODE_SIGN_STYLE = Automatic;
				CURRENT_PROJECT_VERSION = 1;
				DEVELOPMENT_TEAM = 9SAQ42S589;
				GENERATE_INFOPLIST_FILE = YES;
				MARKETING_VERSION = 1.0;
				PRODUCT_BUNDLE_IDENTIFIER = com.viv.iOSAppWithoutStoryboardTemplateUITests;
				PRODUCT_NAME = "$(TARGET_NAME)";
				SWIFT_EMIT_LOC_STRINGS = NO;
				SWIFT_VERSION = 5.0;
				TARGETED_DEVICE_FAMILY = "1,2";
				TEST_TARGET_NAME = iOSAppWithoutStoryboardTemplate;
			};
			name = Debug;
		};
		08654A6F28D23B80008315C7 /* Release */ = {
			isa = XCBuildConfiguration;
			buildSettings = {
				ALWAYS_EMBED_SWIFT_STANDARD_LIBRARIES = YES;
				CODE_SIGN_STYLE = Automatic;
				CURRENT_PROJECT_VERSION = 1;
				DEVELOPMENT_TEAM = 9SAQ42S589;
				GENERATE_INFOPLIST_FILE = YES;
				MARKETING_VERSION = 1.0;
				PRODUCT_BUNDLE_IDENTIFIER = com.viv.iOSAppWithoutStoryboardTemplateUITests;
				PRODUCT_NAME = "$(TARGET_NAME)";
				SWIFT_EMIT_LOC_STRINGS = NO;
				SWIFT_VERSION = 5.0;
				TARGETED_DEVICE_FAMILY = "1,2";
				TEST_TARGET_NAME = iOSAppWithoutStoryboardTemplate;
			};
			name = Release;
		};
/* End XCBuildConfiguration section */

/* Begin XCConfigurationList section */
		08654A3828D23B7F008315C7 /* Build configuration list for PBXProject "iOSAppWithoutStoryboardTemplate" */ = {
			isa = XCConfigurationList;
			buildConfigurations = (
				08654A6528D23B80008315C7 /* Debug */,
				08654A6628D23B80008315C7 /* Release */,
			);
			defaultConfigurationIsVisible = 0;
			defaultConfigurationName = Release;
		};
		08654A6728D23B80008315C7 /* Build configuration list for PBXNativeTarget "iOSAppWithoutStoryboardTemplate" */ = {
			isa = XCConfigurationList;
			buildConfigurations = (
				08654A6828D23B80008315C7 /* Debug */,
				08654A6928D23B80008315C7 /* Release */,
			);
			defaultConfigurationIsVisible = 0;
			defaultConfigurationName = Release;
		};
		08654A6A28D23B80008315C7 /* Build configuration list for PBXNativeTarget "iOSAppWithoutStoryboardTemplateTests" */ = {
			isa = XCConfigurationList;
			buildConfigurations = (
				08654A6B28D23B80008315C7 /* Debug */,
				08654A6C28D23B80008315C7 /* Release */,
			);
			defaultConfigurationIsVisible = 0;
			defaultConfigurationName = Release;
		};
		08654A6D28D23B80008315C7 /* Build configuration list for PBXNativeTarget "iOSAppWithoutStoryboardTemplateUITests" */ = {
			isa = XCConfigurationList;
			buildConfigurations = (
				08654A6E28D23B80008315C7 /* Debug */,
				08654A6F28D23B80008315C7 /* Release */,
			);
			defaultConfigurationIsVisible = 0;
			defaultConfigurationName = Release;
		};
/* End XCConfigurationList section */
	};
	rootObject = 08654A3528D23B7F008315C7 /* Project object */;
}
